
Microsoft Visual Studio Solution File, Format Version 12.00
Project("{FAE04EC0-301F-11D3-BF4B-00C04F79EFBC}") = "HospitalManagement", "HospitalManagement\HospitalManagement.csproj", "{D3F137C7-CC55-43BE-A733-C44F5D9E7708}"
EndProject
Global
	GlobalSection(SolutionConfigurationPlatforms) = preSolution
		Debug|Any CPU = Debug|Any CPU
		Release|Any CPU = Release|Any CPU
	EndGlobalSection
	GlobalSection(ProjectConfigurationPlatforms) = postSolution
		{D3F137C7-CC55-43BE-A733-C44F5D9E7708}.Debug|Any CPU.ActiveCfg = Debug|Any CPU
		{D3F137C7-CC55-43BE-A733-C44F5D9E7708}.Debug|Any CPU.Build.0 = Debug|Any CPU
		{D3F137C7-CC55-43BE-A733-C44F5D9E7708}.Release|Any CPU.ActiveCfg = Release|Any CPU
		{D3F137C7-CC55-43BE-A733-C44F5D9E7708}.Release|Any CPU.Build.0 = Release|Any CPU
	EndGlobalSection
EndGlobal
